
Microsoft Visual Studio Solution File, Format Version 12.00
# Visual Studio Version 16
VisualStudioVersion = 16.0.31005.135
MinimumVisualStudioVersion = 10.0.40219.1
Project("{FAE04EC0-301F-11D3-BF4B-00C04F79EFBC}") = "qntd.Android", "qntd\qntd.Android\qntd.Android.csproj", "{2B9EFEF1-1D1A-4B8B-BF52-EA5D30A7E4FF}"
EndProject
Project("{FAE04EC0-301F-11D3-BF4B-00C04F79EFBC}") = "qntd.iOS", "qntd\qntd.iOS\qntd.iOS.csproj", "{7BCACAEF-17A6-4BBA-9DE8-8783A2409A1F}"
EndProject
Project("{FAE04EC0-301F-11D3-BF4B-00C04F79EFBC}") = "qntd", "qntd\qntd\qntd.csproj", "{3BE2AB99-E111-4F72-87A8-8D7307CD6B40}"
EndProject
Global
	GlobalSection(SolutionConfigurationPlatforms) = preSolution
		Debug|Any CPU = Debug|Any CPU
		Debug|iPhone = Debug|iPhone
		Debug|iPhoneSimulator = Debug|iPhoneSimulator
		Release|Any CPU = Release|Any CPU
		Release|iPhone = Release|iPhone
		Release|iPhoneSimulator = Release|iPhoneSimulator
	EndGlobalSection
	GlobalSection(ProjectConfigurationPlatforms) = postSolution
		{2B9EFEF1-1D1A-4B8B-BF52-EA5D30A7E4FF}.Debug|Any CPU.ActiveCfg = Debug|Any CPU
		{2B9EFEF1-1D1A-4B8B-BF52-EA5D30A7E4FF}.Debug|Any CPU.Build.0 = Debug|Any CPU
		{2B9EFEF1-1D1A-4B8B-BF52-EA5D30A7E4FF}.Debug|Any CPU.Deploy.0 = Debug|Any CPU
		{2B9EFEF1-1D1A-4B8B-BF52-EA5D30A7E4FF}.Debug|iPhone.ActiveCfg = Debug|Any CPU
		{2B9EFEF1-1D1A-4B8B-BF52-EA5D30A7E4FF}.Debug|iPhone.Build.0 = Debug|Any CPU
		{2B9EFEF1-1D1A-4B8B-BF52-EA5D30A7E4FF}.Debug|iPhone.Deploy.0 = Debug|Any CPU
		{2B9EFEF1-1D1A-4B8B-BF52-EA5D30A7E4FF}.Debug|iPhoneSimulator.ActiveCfg = Debug|Any CPU
		{2B9EFEF1-1D1A-4B8B-BF52-EA5D30A7E4FF}.Debug|iPhoneSimulator.Build.0 = Debug|Any CPU
		{2B9EFEF1-1D1A-4B8B-BF52-EA5D30A7E4FF}.Debug|iPhoneSimulator.Deploy.0 = Debug|Any CPU
		{2B9EFEF1-1D1A-4B8B-BF52-EA5D30A7E4FF}.Release|Any CPU.ActiveCfg = Release|Any CPU
		{2B9EFEF1-1D1A-4B8B-BF52-EA5D30A7E4FF}.Release|Any CPU.Build.0 = Release|Any CPU
		{2B9EFEF1-1D1A-4B8B-BF52-EA5D30A7E4FF}.Release|Any CPU.Deploy.0 = Release|Any CPU
		{2B9EFEF1-1D1A-4B8B-BF52-EA5D30A7E4FF}.Release|iPhone.ActiveCfg = Release|Any CPU
		{2B9EFEF1-1D1A-4B8B-BF52-EA5D30A7E4FF}.Release|iPhone.Build.0 = Release|Any CPU
		{2B9EFEF1-1D1A-4B8B-BF52-EA5D30A7E4FF}.Release|iPhone.Deploy.0 = Release|Any CPU
		{2B9EFEF1-1D1A-4B8B-BF52-EA5D30A7E4FF}.Release|iPhoneSimulator.ActiveCfg = Release|Any CPU
		{2B9EFEF1-1D1A-4B8B-BF52-EA5D30A7E4FF}.Release|iPhoneSimulator.Build.0 = Release|Any CPU
		{2B9EFEF1-1D1A-4B8B-BF52-EA5D30A7E4FF}.Release|iPhoneSimulator.Deploy.0 = Release|Any CPU
		{7BCACAEF-17A6-4BBA-9DE8-8783A2409A1F}.Debug|Any CPU.ActiveCfg = Debug|iPhone
		{7BCACAEF-17A6-4BBA-9DE8-8783A2409A1F}.Debug|Any CPU.Build.0 = Debug|iPhone
		{7BCACAEF-17A6-4BBA-9DE8-8783A2409A1F}.Debug|Any CPU.Deploy.0 = Debug|iPhone
		{7BCACAEF-17A6-4BBA-9DE8-8783A2409A1F}.Debug|iPhone.ActiveCfg = Debug|iPhone
		{7BCACAEF-17A6-4BBA-9DE8-8783A2409A1F}.Debug|iPhone.Build.0 = Debug|iPhone
		{7BCACAEF-17A6-4BBA-9DE8-8783A2409A1F}.Debug|iPhone.Deploy.0 = Debug|iPhone
		{7BCACAEF-17A6-4BBA-9DE8-8783A2409A1F}.Debug|iPhoneSimulator.ActiveCfg = Debug|iPhoneSimulator
		{7BCACAEF-17A6-4BBA-9DE8-8783A2409A1F}.Debug|iPhoneSimulator.Build.0 = Debug|iPhoneSimulator
		{7BCACAEF-17A6-4BBA-9DE8-8783A2409A1F}.Debug|iPhoneSimulator.Deploy.0 = Debug|iPhoneSimulator
		{7BCACAEF-17A6-4BBA-9DE8-8783A2409A1F}.Release|Any CPU.ActiveCfg = Release|iPhoneSimulator
		{7BCACAEF-17A6-4BBA-9DE8-8783A2409A1F}.Release|Any CPU.Build.0 = Release|iPhoneSimulator
		{7BCACAEF-17A6-4BBA-9DE8-8783A2409A1F}.Release|Any CPU.Deploy.0 = Release|iPhoneSimulator
		{7BCACAEF-17A6-4BBA-9DE8-8783A2409A1F}.Release|iPhone.ActiveCfg = Release|iPhone
		{7BCACAEF-17A6-4BBA-9DE8-8783A2409A1F}.Release|iPhone.Build.0 = Release|iPhone
		{7BCACAEF-17A6-4BBA-9DE8-8783A2409A1F}.Release|iPhone.Deploy.0 = Release|iPhone
		{7BCACAEF-17A6-4BBA-9DE8-8783A2409A1F}.Release|iPhoneSimulator.ActiveCfg = Release|iPhoneSimulator
		{7BCACAEF-17A6-4BBA-9DE8-8783A2409A1F}.Release|iPhoneSimulator.Build.0 = Release|iPhoneSimulator
		{7BCACAEF-17A6-4BBA-9DE8-8783A2409A1F}.Release|iPhoneSimulator.Deploy.0 = Release|iPhoneSimulator
		{3BE2AB99-E111-4F72-87A8-8D7307CD6B40}.Debug|Any CPU.ActiveCfg = Debug|Any CPU
		{3BE2AB99-E111-4F72-87A8-8D7307CD6B40}.Debug|Any CPU.Build.0 = Debug|Any CPU
		{3BE2AB99-E111-4F72-87A8-8D7307CD6B40}.Debug|Any CPU.Deploy.0 = Debug|Any CPU
		{3BE2AB99-E111-4F72-87A8-8D7307CD6B40}.Debug|iPhone.ActiveCfg = Debug|Any CPU
		{3BE2AB99-E111-4F72-87A8-8D7307CD6B40}.Debug|iPhone.Build.0 = Debug|Any CPU
		{3BE2AB99-E111-4F72-87A8-8D7307CD6B40}.Debug|iPhone.Deploy.0 = Debug|Any CPU
		{3BE2AB99-E111-4F72-87A8-8D7307CD6B40}.Debug|iPhoneSimulator.ActiveCfg = Debug|Any CPU
		{3BE2AB99-E111-4F72-87A8-8D7307CD6B40}.Debug|iPhoneSimulator.Build.0 = Debug|Any CPU
		{3BE2AB99-E111-4F72-87A8-8D7307CD6B40}.Debug|iPhoneSimulator.Deploy.0 = Debug|Any CPU
		{3BE2AB99-E111-4F72-87A8-8D7307CD6B40}.Release|Any CPU.ActiveCfg = Release|Any CPU
		{3BE2AB99-E111-4F72-87A8-8D7307CD6B40}.Release|Any CPU.Build.0 = Release|Any CPU
		{3BE2AB99-E111-4F72-87A8-8D7307CD6B40}.Release|Any CPU.Deploy.0 = Release|Any CPU
		{3BE2AB99-E111-4F72-87A8-8D7307CD6B40}.Release|iPhone.ActiveCfg = Release|Any CPU
		{3BE2AB99-E111-4F72-87A8-8D7307CD6B40}.Release|iPhone.Build.0 = Release|Any CPU
		{3BE2AB99-E111-4F72-87A8-8D7307CD6B40}.Release|iPhone.Deploy.0 = Release|Any CPU
		{3BE2AB99-E111-4F72-87A8-8D7307CD6B40}.Release|iPhoneSimulator.ActiveCfg = Release|Any CPU
		{3BE2AB99-E111-4F72-87A8-8D7307CD6B40}.Release|iPhoneSimulator.Build.0 = Release|Any CPU
		{3BE2AB99-E111-4F72-87A8-8D7307CD6B40}.Release|iPhoneSimulator.Deploy.0 = Release|Any CPU
	EndGlobalSection
	GlobalSection(SolutionProperties) = preSolution
		HideSolutionNode = FALSE
	EndGlobalSection
	GlobalSection(ExtensibilityGlobals) = postSolution
		SolutionGuid = {12D3D361-C5F7-430E-B314-8A0D6870E6BE}
	EndGlobalSection
EndGlobal
